
Microsoft Visual Studio Solution File, Format Version 12.00
# Visual Studio Version 17
VisualStudioVersion = 17.14.36705.20 d17.14
MinimumVisualStudioVersion = 10.0.40219.1
Project("{FAE04EC0-301F-11D3-BF4B-00C04F79EFBC}") = "16_TomA_GegArray1", "16_TomA_GegArray1\16_TomA_GegArray1.csproj", "{881D0250-E715-43B4-98EA-DECB938C396B}"
EndProject
Global
	GlobalSection(SolutionConfigurationPlatforms) = preSolution
		Debug|Any CPU = Debug|Any CPU
		Release|Any CPU = Release|Any CPU
	EndGlobalSection
	GlobalSection(ProjectConfigurationPlatforms) = postSolution
		{881D0250-E715-43B4-98EA-DECB938C396B}.Debug|Any CPU.ActiveCfg = Debug|Any CPU
		{881D0250-E715-43B4-98EA-DECB938C396B}.Debug|Any CPU.Build.0 = Debug|Any CPU
		{881D0250-E715-43B4-98EA-DECB938C396B}.Release|Any CPU.ActiveCfg = Release|Any CPU
		{881D0250-E715-43B4-98EA-DECB938C396B}.Release|Any CPU.Build.0 = Release|Any CPU
	EndGlobalSection
	GlobalSection(SolutionProperties) = preSolution
		HideSolutionNode = FALSE
	EndGlobalSection
	GlobalSection(ExtensibilityGlobals) = postSolution
		SolutionGuid = {06C25E1F-9719-4D4A-9B45-39E6E53FAE69}
	EndGlobalSection
EndGlobal
