
Microsoft Visual Studio Solution File, Format Version 12.00
# Visual Studio Version 17
VisualStudioVersion = 17.14.36705.20 d17.14
MinimumVisualStudioVersion = 10.0.40219.1
Project("{FAE04EC0-301F-11D3-BF4B-00C04F79EFBC}") = "99_ItsMeMario", "99_ItsMeMario\99_ItsMeMario.csproj", "{D2E88904-7045-4E15-839A-1C00DC4178F2}"
EndProject
Global
	GlobalSection(SolutionConfigurationPlatforms) = preSolution
		Debug|Any CPU = Debug|Any CPU
		Release|Any CPU = Release|Any CPU
	EndGlobalSection
	GlobalSection(ProjectConfigurationPlatforms) = postSolution
		{D2E88904-7045-4E15-839A-1C00DC4178F2}.Debug|Any CPU.ActiveCfg = Debug|Any CPU
		{D2E88904-7045-4E15-839A-1C00DC4178F2}.Debug|Any CPU.Build.0 = Debug|Any CPU
		{D2E88904-7045-4E15-839A-1C00DC4178F2}.Release|Any CPU.ActiveCfg = Release|Any CPU
		{D2E88904-7045-4E15-839A-1C00DC4178F2}.Release|Any CPU.Build.0 = Release|Any CPU
	EndGlobalSection
	GlobalSection(SolutionProperties) = preSolution
		HideSolutionNode = FALSE
	EndGlobalSection
	GlobalSection(ExtensibilityGlobals) = postSolution
		SolutionGuid = {0CDE3C45-05DA-4ABB-AC78-A4013C9F920D}
	EndGlobalSection
EndGlobal
