
Microsoft Visual Studio Solution File, Format Version 12.00
# Visual Studio Version 17
VisualStudioVersion = 17.14.36705.20 d17.14
MinimumVisualStudioVersion = 10.0.40219.1
Project("{FAE04EC0-301F-11D3-BF4B-00C04F79EFBC}") = "22_TomA_Brandveiligheid", "22_TomA_Brandveiligheid\22_TomA_Brandveiligheid.csproj", "{4FA2F0B1-6027-4C76-BB3A-180EB4703A33}"
EndProject
Global
	GlobalSection(SolutionConfigurationPlatforms) = preSolution
		Debug|Any CPU = Debug|Any CPU
		Release|Any CPU = Release|Any CPU
	EndGlobalSection
	GlobalSection(ProjectConfigurationPlatforms) = postSolution
		{4FA2F0B1-6027-4C76-BB3A-180EB4703A33}.Debug|Any CPU.ActiveCfg = Debug|Any CPU
		{4FA2F0B1-6027-4C76-BB3A-180EB4703A33}.Debug|Any CPU.Build.0 = Debug|Any CPU
		{4FA2F0B1-6027-4C76-BB3A-180EB4703A33}.Release|Any CPU.ActiveCfg = Release|Any CPU
		{4FA2F0B1-6027-4C76-BB3A-180EB4703A33}.Release|Any CPU.Build.0 = Release|Any CPU
	EndGlobalSection
	GlobalSection(SolutionProperties) = preSolution
		HideSolutionNode = FALSE
	EndGlobalSection
	GlobalSection(ExtensibilityGlobals) = postSolution
		SolutionGuid = {4396B38F-07A1-4D90-BCAC-49EE21915945}
	EndGlobalSection
EndGlobal
