
Microsoft Visual Studio Solution File, Format Version 12.00
# Visual Studio Version 17
VisualStudioVersion = 17.14.36705.20 d17.14
MinimumVisualStudioVersion = 10.0.40219.1
Project("{FAE04EC0-301F-11D3-BF4B-00C04F79EFBC}") = "15_TomA_ManueleArray", "15_TomA_ManueleArray\15_TomA_ManueleArray.csproj", "{E2512FE9-B78E-4451-A6B1-6BFD1EAFAA2A}"
EndProject
Global
	GlobalSection(SolutionConfigurationPlatforms) = preSolution
		Debug|Any CPU = Debug|Any CPU
		Release|Any CPU = Release|Any CPU
	EndGlobalSection
	GlobalSection(ProjectConfigurationPlatforms) = postSolution
		{E2512FE9-B78E-4451-A6B1-6BFD1EAFAA2A}.Debug|Any CPU.ActiveCfg = Debug|Any CPU
		{E2512FE9-B78E-4451-A6B1-6BFD1EAFAA2A}.Debug|Any CPU.Build.0 = Debug|Any CPU
		{E2512FE9-B78E-4451-A6B1-6BFD1EAFAA2A}.Release|Any CPU.ActiveCfg = Release|Any CPU
		{E2512FE9-B78E-4451-A6B1-6BFD1EAFAA2A}.Release|Any CPU.Build.0 = Release|Any CPU
	EndGlobalSection
	GlobalSection(SolutionProperties) = preSolution
		HideSolutionNode = FALSE
	EndGlobalSection
	GlobalSection(ExtensibilityGlobals) = postSolution
		SolutionGuid = {36F16DBF-5B0F-44FC-AE7C-DBE4FBE9D394}
	EndGlobalSection
EndGlobal
